// !$*UTF8*$!
{
	archiveVersion = 1;
	classes = {
	};
	objectVersion = 56;
	objects = {

/* Begin PBXBuildFile section */
		011E60E62B72C421007EE71F /* WishMakerViewController.swift in Sources */ = {isa = PBXBuildFile; fileRef = 011E60E42B72C421007EE71F /* WishMakerViewController.swift */; };
		011E60E72B72C421007EE71F /* WishStoringViewController.swift in Sources */ = {isa = PBXBuildFile; fileRef = 011E60E52B72C421007EE71F /* WishStoringViewController.swift */; };
		0136E1BF2ACC47F600171788 /* AppDelegate.swift in Sources */ = {isa = PBXBuildFile; fileRef = 0136E1BE2ACC47F600171788 /* AppDelegate.swift */; };
		0136E1C12ACC47F600171788 /* SceneDelegate.swift in Sources */ = {isa = PBXBuildFile; fileRef = 0136E1C02ACC47F600171788 /* SceneDelegate.swift */; };
		0136E1C82ACC47F700171788 /* Assets.xcassets in Resources */ = {isa = PBXBuildFile; fileRef = 0136E1C72ACC47F700171788 /* Assets.xcassets */; };
		0136E1D52ACC5C4800171788 /* UIColorExtension.swift in Sources */ = {isa = PBXBuildFile; fileRef = 0136E1D42ACC5C4800171788 /* UIColorExtension.swift */; };
		0136E1D72ACC5F5B00171788 /* CustomSlider.swift in Sources */ = {isa = PBXBuildFile; fileRef = 0136E1D62ACC5F5B00171788 /* CustomSlider.swift */; };
		0163C54D2ACD6B7B000C5665 /* UIViewPin.swift in Sources */ = {isa = PBXBuildFile; fileRef = 0163C54C2ACD6B7B000C5665 /* UIViewPin.swift */; };
		01D443C42AD02C6F00A81F5E /* CustomSwitch.swift in Sources */ = {isa = PBXBuildFile; fileRef = 01D443C32AD02C6F00A81F5E /* CustomSwitch.swift */; };
		01F761EA2AEFCE3F003F19EF /* WrittenWishCell.swift in Sources */ = {isa = PBXBuildFile; fileRef = 01F761E92AEFCE3F003F19EF /* WrittenWishCell.swift */; };
		01F761EC2AF17154003F19EF /* AddWishCell.swift in Sources */ = {isa = PBXBuildFile; fileRef = 01F761EB2AF17154003F19EF /* AddWishCell.swift */; };
		01F9696F2B72C64E0040F755 /* CoreDataManager.swift in Sources */ = {isa = PBXBuildFile; fileRef = 01F9696D2B72C64E0040F755 /* CoreDataManager.swift */; };
		01F969702B72C64E0040F755 /* Wish.swift in Sources */ = {isa = PBXBuildFile; fileRef = 01F9696E2B72C64E0040F755 /* Wish.swift */; };
		01F969722B72CB9E0040F755 /* WishCalendarViewController.swift in Sources */ = {isa = PBXBuildFile; fileRef = 01F969712B72CB9E0040F755 /* WishCalendarViewController.swift */; };
		01F969742B72D3E00040F755 /* WishEventCell.swift in Sources */ = {isa = PBXBuildFile; fileRef = 01F969732B72D3E00040F755 /* WishEventCell.swift */; };
		01F969762B72D66C0040F755 /* WishEventModel.swift in Sources */ = {isa = PBXBuildFile; fileRef = 01F969752B72D66C0040F755 /* WishEventModel.swift */; };
		01F969782B72DD630040F755 /* WishEventCreationView.swift in Sources */ = {isa = PBXBuildFile; fileRef = 01F969772B72DD630040F755 /* WishEventCreationView.swift */; };
		01F9697A2B72E0550040F755 /* CalendarEventManager.swift in Sources */ = {isa = PBXBuildFile; fileRef = 01F969792B72E0550040F755 /* CalendarEventManager.swift */; };
/* End PBXBuildFile section */

/* Begin PBXFileReference section */
		011E60E42B72C421007EE71F /* WishMakerViewController.swift */ = {isa = PBXFileReference; fileEncoding = 4; lastKnownFileType = sourcecode.swift; path = WishMakerViewController.swift; sourceTree = "<group>"; };
		011E60E52B72C421007EE71F /* WishStoringViewController.swift */ = {isa = PBXFileReference; fileEncoding = 4; lastKnownFileType = sourcecode.swift; path = WishStoringViewController.swift; sourceTree = "<group>"; };
		0136E1BB2ACC47F600171788 /* WishMakerApp.app */ = {isa = PBXFileReference; explicitFileType = wrapper.application; includeInIndex = 0; path = WishMakerApp.app; sourceTree = BUILT_PRODUCTS_DIR; };
		0136E1BE2ACC47F600171788 /* AppDelegate.swift */ = {isa = PBXFileReference; lastKnownFileType = sourcecode.swift; path = AppDelegate.swift; sourceTree = "<group>"; };
		0136E1C02ACC47F600171788 /* SceneDelegate.swift */ = {isa = PBXFileReference; lastKnownFileType = sourcecode.swift; path = SceneDelegate.swift; sourceTree = "<group>"; };
		0136E1C72ACC47F700171788 /* Assets.xcassets */ = {isa = PBXFileReference; lastKnownFileType = folder.assetcatalog; path = Assets.xcassets; sourceTree = "<group>"; };
		0136E1CC2ACC47F700171788 /* Info.plist */ = {isa = PBXFileReference; lastKnownFileType = text.plist.xml; path = Info.plist; sourceTree = "<group>"; };
		0136E1D42ACC5C4800171788 /* UIColorExtension.swift */ = {isa = PBXFileReference; lastKnownFileType = sourcecode.swift; path = UIColorExtension.swift; sourceTree = "<group>"; };
		0136E1D62ACC5F5B00171788 /* CustomSlider.swift */ = {isa = PBXFileReference; lastKnownFileType = sourcecode.swift; path = CustomSlider.swift; sourceTree = "<group>"; };
		0163C54C2ACD6B7B000C5665 /* UIViewPin.swift */ = {isa = PBXFileReference; lastKnownFileType = sourcecode.swift; path = UIViewPin.swift; sourceTree = "<group>"; };
		01D443C32AD02C6F00A81F5E /* CustomSwitch.swift */ = {isa = PBXFileReference; lastKnownFileType = sourcecode.swift; path = CustomSwitch.swift; sourceTree = "<group>"; };
		01F761E92AEFCE3F003F19EF /* WrittenWishCell.swift */ = {isa = PBXFileReference; lastKnownFileType = sourcecode.swift; path = WrittenWishCell.swift; sourceTree = "<group>"; };
		01F761EB2AF17154003F19EF /* AddWishCell.swift */ = {isa = PBXFileReference; lastKnownFileType = sourcecode.swift; path = AddWishCell.swift; sourceTree = "<group>"; };
		01F9696D2B72C64E0040F755 /* CoreDataManager.swift */ = {isa = PBXFileReference; fileEncoding = 4; lastKnownFileType = sourcecode.swift; path = CoreDataManager.swift; sourceTree = "<group>"; };
		01F9696E2B72C64E0040F755 /* Wish.swift */ = {isa = PBXFileReference; fileEncoding = 4; lastKnownFileType = sourcecode.swift; path = Wish.swift; sourceTree = "<group>"; };
		01F969712B72CB9E0040F755 /* WishCalendarViewController.swift */ = {isa = PBXFileReference; lastKnownFileType = sourcecode.swift; path = WishCalendarViewController.swift; sourceTree = "<group>"; };
		01F969732B72D3E00040F755 /* WishEventCell.swift */ = {isa = PBXFileReference; lastKnownFileType = sourcecode.swift; path = WishEventCell.swift; sourceTree = "<group>"; };
		01F969752B72D66C0040F755 /* WishEventModel.swift */ = {isa = PBXFileReference; lastKnownFileType = sourcecode.swift; path = WishEventModel.swift; sourceTree = "<group>"; };
		01F969772B72DD630040F755 /* WishEventCreationView.swift */ = {isa = PBXFileReference; lastKnownFileType = sourcecode.swift; path = WishEventCreationView.swift; sourceTree = "<group>"; };
		01F969792B72E0550040F755 /* CalendarEventManager.swift */ = {isa = PBXFileReference; lastKnownFileType = sourcecode.swift; path = CalendarEventManager.swift; sourceTree = "<group>"; };
/* End PBXFileReference section */

/* Begin PBXFrameworksBuildPhase section */
		0136E1B82ACC47F600171788 /* Frameworks */ = {
			isa = PBXFrameworksBuildPhase;
			buildActionMask = 2147483647;
			files = (
			);
			runOnlyForDeploymentPostprocessing = 0;
		};
/* End PBXFrameworksBuildPhase section */

/* Begin PBXGroup section */
		011E60E32B72C421007EE71F /* ViewControllers */ = {
			isa = PBXGroup;
			children = (
				011E60E42B72C421007EE71F /* WishMakerViewController.swift */,
				011E60E52B72C421007EE71F /* WishStoringViewController.swift */,
				01F969712B72CB9E0040F755 /* WishCalendarViewController.swift */,
				01F969772B72DD630040F755 /* WishEventCreationView.swift */,
			);
			path = ViewControllers;
			sourceTree = "<group>";
		};
		0136E1B22ACC47F600171788 = {
			isa = PBXGroup;
			children = (
				0136E1BD2ACC47F600171788 /* WishMakerApp */,
				0136E1BC2ACC47F600171788 /* Products */,
			);
			sourceTree = "<group>";
		};
		0136E1BC2ACC47F600171788 /* Products */ = {
			isa = PBXGroup;
			children = (
				0136E1BB2ACC47F600171788 /* WishMakerApp.app */,
			);
			name = Products;
			sourceTree = "<group>";
		};
		0136E1BD2ACC47F600171788 /* WishMakerApp */ = {
			isa = PBXGroup;
			children = (
				01F9697B2B72E2CB0040F755 /* Managers */,
				01F9696C2B72C64E0040F755 /* Entities */,
				0162E3A22AD0BAB700B1597C /* Extensions */,
				0162E3A12AD0BA4A00B1597C /* CustomViews */,
				011E60E32B72C421007EE71F /* ViewControllers */,
				0136E1C02ACC47F600171788 /* SceneDelegate.swift */,
				0136E1BE2ACC47F600171788 /* AppDelegate.swift */,
				0136E1C72ACC47F700171788 /* Assets.xcassets */,
				0136E1CC2ACC47F700171788 /* Info.plist */,
			);
			path = WishMakerApp;
			sourceTree = "<group>";
		};
		0162E3A12AD0BA4A00B1597C /* CustomViews */ = {
			isa = PBXGroup;
			children = (
				01D443C32AD02C6F00A81F5E /* CustomSwitch.swift */,
				0136E1D62ACC5F5B00171788 /* CustomSlider.swift */,
				01F761E92AEFCE3F003F19EF /* WrittenWishCell.swift */,
				01F761EB2AF17154003F19EF /* AddWishCell.swift */,
				01F969732B72D3E00040F755 /* WishEventCell.swift */,
			);
			path = CustomViews;
			sourceTree = "<group>";
		};
		0162E3A22AD0BAB700B1597C /* Extensions */ = {
			isa = PBXGroup;
			children = (
				0136E1D42ACC5C4800171788 /* UIColorExtension.swift */,
				0163C54C2ACD6B7B000C5665 /* UIViewPin.swift */,
			);
			path = Extensions;
			sourceTree = "<group>";
		};
		01F9696C2B72C64E0040F755 /* Entities */ = {
			isa = PBXGroup;
			children = (
				01F9696E2B72C64E0040F755 /* Wish.swift */,
				01F969752B72D66C0040F755 /* WishEventModel.swift */,
			);
			path = Entities;
			sourceTree = "<group>";
		};
		01F9697B2B72E2CB0040F755 /* Managers */ = {
			isa = PBXGroup;
			children = (
				01F9696D2B72C64E0040F755 /* CoreDataManager.swift */,
				01F969792B72E0550040F755 /* CalendarEventManager.swift */,
			);
			path = Managers;
			sourceTree = "<group>";
		};
/* End PBXGroup section */

/* Begin PBXNativeTarget section */
		0136E1BA2ACC47F600171788 /* WishMakerApp */ = {
			isa = PBXNativeTarget;
			buildConfigurationList = 0136E1CF2ACC47F700171788 /* Build configuration list for PBXNativeTarget "WishMakerApp" */;
			buildPhases = (
				0136E1B72ACC47F600171788 /* Sources */,
				0136E1B82ACC47F600171788 /* Frameworks */,
				0136E1B92ACC47F600171788 /* Resources */,
			);
			buildRules = (
			);
			dependencies = (
			);
			name = WishMakerApp;
			productName = ashabdullaevPW2;
			productReference = 0136E1BB2ACC47F600171788 /* WishMakerApp.app */;
			productType = "com.apple.product-type.application";
		};
/* End PBXNativeTarget section */

/* Begin PBXProject section */
		0136E1B32ACC47F600171788 /* Project object */ = {
			isa = PBXProject;
			attributes = {
				BuildIndependentTargetsInParallel = 1;
				LastSwiftUpdateCheck = 1500;
				LastUpgradeCheck = 1500;
				TargetAttributes = {
					0136E1BA2ACC47F600171788 = {
						CreatedOnToolsVersion = 15.0;
					};
				};
			};
			buildConfigurationList = 0136E1B62ACC47F600171788 /* Build configuration list for PBXProject "WishMakerApp" */;
			compatibilityVersion = "Xcode 14.0";
			developmentRegion = en;
			hasScannedForEncodings = 0;
			knownRegions = (
				en,
				Base,
			);
			mainGroup = 0136E1B22ACC47F600171788;
			productRefGroup = 0136E1BC2ACC47F600171788 /* Products */;
			projectDirPath = "";
			projectRoot = "";
			targets = (
				0136E1BA2ACC47F600171788 /* WishMakerApp */,
			);
		};
/* End PBXProject section */

/* Begin PBXResourcesBuildPhase section */
		0136E1B92ACC47F600171788 /* Resources */ = {
			isa = PBXResourcesBuildPhase;
			buildActionMask = 2147483647;
			files = (
				0136E1C82ACC47F700171788 /* Assets.xcassets in Resources */,
			);
			runOnlyForDeploymentPostprocessing = 0;
		};
/* End PBXResourcesBuildPhase section */

/* Begin PBXSourcesBuildPhase section */
		0136E1B72ACC47F600171788 /* Sources */ = {
			isa = PBXSourcesBuildPhase;
			buildActionMask = 2147483647;
			files = (
				0163C54D2ACD6B7B000C5665 /* UIViewPin.swift in Sources */,
				0136E1BF2ACC47F600171788 /* AppDelegate.swift in Sources */,
				0136E1D72ACC5F5B00171788 /* CustomSlider.swift in Sources */,
				01F969782B72DD630040F755 /* WishEventCreationView.swift in Sources */,
				01F9697A2B72E0550040F755 /* CalendarEventManager.swift in Sources */,
				01F969702B72C64E0040F755 /* Wish.swift in Sources */,
				011E60E62B72C421007EE71F /* WishMakerViewController.swift in Sources */,
				01F969742B72D3E00040F755 /* WishEventCell.swift in Sources */,
				01F969722B72CB9E0040F755 /* WishCalendarViewController.swift in Sources */,
				01F761EA2AEFCE3F003F19EF /* WrittenWishCell.swift in Sources */,
				011E60E72B72C421007EE71F /* WishStoringViewController.swift in Sources */,
				01F969762B72D66C0040F755 /* WishEventModel.swift in Sources */,
				01F9696F2B72C64E0040F755 /* CoreDataManager.swift in Sources */,
				0136E1C12ACC47F600171788 /* SceneDelegate.swift in Sources */,
				01D443C42AD02C6F00A81F5E /* CustomSwitch.swift in Sources */,
				01F761EC2AF17154003F19EF /* AddWishCell.swift in Sources */,
				0136E1D52ACC5C4800171788 /* UIColorExtension.swift in Sources */,
			);
			runOnlyForDeploymentPostprocessing = 0;
		};
/* End PBXSourcesBuildPhase section */

/* Begin XCBuildConfiguration section */
		0136E1CD2ACC47F700171788 /* Debug */ = {
			isa = XCBuildConfiguration;
			buildSettings = {
				ALWAYS_SEARCH_USER_PATHS = NO;
				ASSETCATALOG_COMPILER_GENERATE_SWIFT_ASSET_SYMBOL_EXTENSIONS = YES;
				CLANG_ANALYZER_NONNULL = YES;
				CLANG_ANALYZER_NUMBER_OBJECT_CONVERSION = YES_AGGRESSIVE;
				CLANG_CXX_LANGUAGE_STANDARD = "gnu++20";
				CLANG_ENABLE_MODULES = YES;
				CLANG_ENABLE_OBJC_ARC = YES;
				CLANG_ENABLE_OBJC_WEAK = YES;
				CLANG_WARN_BLOCK_CAPTURE_AUTORELEASING = YES;
				CLANG_WARN_BOOL_CONVERSION = YES;
				CLANG_WARN_COMMA = YES;
				CLANG_WARN_CONSTANT_CONVERSION = YES;
				CLANG_WARN_DEPRECATED_OBJC_IMPLEMENTATIONS = YES;
				CLANG_WARN_DIRECT_OBJC_ISA_USAGE = YES_ERROR;
				CLANG_WARN_DOCUMENTATION_COMMENTS = YES;
				CLANG_WARN_EMPTY_BODY = YES;
				CLANG_WARN_ENUM_CONVERSION = YES;
				CLANG_WARN_INFINITE_RECURSION = YES;
				CLANG_WARN_INT_CONVERSION = YES;
				CLANG_WARN_NON_LITERAL_NULL_CONVERSION = YES;
				CLANG_WARN_OBJC_IMPLICIT_RETAIN_SELF = YES;
				CLANG_WARN_OBJC_LITERAL_CONVERSION = YES;
				CLANG_WARN_OBJC_ROOT_CLASS = YES_ERROR;
				CLANG_WARN_QUOTED_INCLUDE_IN_FRAMEWORK_HEADER = YES;
				CLANG_WARN_RANGE_LOOP_ANALYSIS = YES;
				CLANG_WARN_STRICT_PROTOTYPES = YES;
				CLANG_WARN_SUSPICIOUS_MOVE = YES;
				CLANG_WARN_UNGUARDED_AVAILABILITY = YES_AGGRESSIVE;
				CLANG_WARN_UNREACHABLE_CODE = YES;
				CLANG_WARN__DUPLICATE_METHOD_MATCH = YES;
				COPY_PHASE_STRIP = NO;
				DEBUG_INFORMATION_FORMAT = dwarf;
				ENABLE_STRICT_OBJC_MSGSEND = YES;
				ENABLE_TESTABILITY = YES;
				ENABLE_USER_SCRIPT_SANDBOXING = YES;
				GCC_C_LANGUAGE_STANDARD = gnu17;
				GCC_DYNAMIC_NO_PIC = NO;
				GCC_NO_COMMON_BLOCKS = YES;
				GCC_OPTIMIZATION_LEVEL = 0;
				GCC_PREPROCESSOR_DEFINITIONS = (
					"DEBUG=1",
					"$(inherited)",
				);
				GCC_WARN_64_TO_32_BIT_CONVERSION = YES;
				GCC_WARN_ABOUT_RETURN_TYPE = YES_ERROR;
				GCC_WARN_UNDECLARED_SELECTOR = YES;
				GCC_WARN_UNINITIALIZED_AUTOS = YES_AGGRESSIVE;
				GCC_WARN_UNUSED_FUNCTION = YES;
				GCC_WARN_UNUSED_VARIABLE = YES;
				IPHONEOS_DEPLOYMENT_TARGET = 17.0;
				LOCALIZATION_PREFERS_STRING_CATALOGS = YES;
				MTL_ENABLE_DEBUG_INFO = INCLUDE_SOURCE;
				MTL_FAST_MATH = YES;
				ONLY_ACTIVE_ARCH = YES;
				SDKROOT = iphoneos;
				SWIFT_ACTIVE_COMPILATION_CONDITIONS = "DEBUG $(inherited)";
				SWIFT_OPTIMIZATION_LEVEL = "-Onone";
			};
			name = Debug;
		};
		0136E1CE2ACC47F700171788 /* Release */ = {
			isa = XCBuildConfiguration;
			buildSettings = {
				ALWAYS_SEARCH_USER_PATHS = NO;
				ASSETCATALOG_COMPILER_GENERATE_SWIFT_ASSET_SYMBOL_EXTENSIONS = YES;
				CLANG_ANALYZER_NONNULL = YES;
				CLANG_ANALYZER_NUMBER_OBJECT_CONVERSION = YES_AGGRESSIVE;
				CLANG_CXX_LANGUAGE_STANDARD = "gnu++20";
				CLANG_ENABLE_MODULES = YES;
				CLANG_ENABLE_OBJC_ARC = YES;
				CLANG_ENABLE_OBJC_WEAK = YES;
				CLANG_WARN_BLOCK_CAPTURE_AUTORELEASING = YES;
				CLANG_WARN_BOOL_CONVERSION = YES;
				CLANG_WARN_COMMA = YES;
				CLANG_WARN_CONSTANT_CONVERSION = YES;
				CLANG_WARN_DEPRECATED_OBJC_IMPLEMENTATIONS = YES;
				CLANG_WARN_DIRECT_OBJC_ISA_USAGE = YES_ERROR;
				CLANG_WARN_DOCUMENTATION_COMMENTS = YES;
				CLANG_WARN_EMPTY_BODY = YES;
				CLANG_WARN_ENUM_CONVERSION = YES;
				CLANG_WARN_INFINITE_RECURSION = YES;
				CLANG_WARN_INT_CONVERSION = YES;
				CLANG_WARN_NON_LITERAL_NULL_CONVERSION = YES;
				CLANG_WARN_OBJC_IMPLICIT_RETAIN_SELF = YES;
				CLANG_WARN_OBJC_LITERAL_CONVERSION = YES;
				CLANG_WARN_OBJC_ROOT_CLASS = YES_ERROR;
				CLANG_WARN_QUOTED_INCLUDE_IN_FRAMEWORK_HEADER = YES;
				CLANG_WARN_RANGE_LOOP_ANALYSIS = YES;
				CLANG_WARN_STRICT_PROTOTYPES = YES;
				CLANG_WARN_SUSPICIOUS_MOVE = YES;
				CLANG_WARN_UNGUARDED_AVAILABILITY = YES_AGGRESSIVE;
				CLANG_WARN_UNREACHABLE_CODE = YES;
				CLANG_WARN__DUPLICATE_METHOD_MATCH = YES;
				COPY_PHASE_STRIP = NO;
				DEBUG_INFORMATION_FORMAT = "dwarf-with-dsym";
				ENABLE_NS_ASSERTIONS = NO;
				ENABLE_STRICT_OBJC_MSGSEND = YES;
				ENABLE_USER_SCRIPT_SANDBOXING = YES;
				GCC_C_LANGUAGE_STANDARD = gnu17;
				GCC_NO_COMMON_BLOCKS = YES;
				GCC_WARN_64_TO_32_BIT_CONVERSION = YES;
				GCC_WARN_ABOUT_RETURN_TYPE = YES_ERROR;
				GCC_WARN_UNDECLARED_SELECTOR = YES;
				GCC_WARN_UNINITIALIZED_AUTOS = YES_AGGRESSIVE;
				GCC_WARN_UNUSED_FUNCTION = YES;
				GCC_WARN_UNUSED_VARIABLE = YES;
				IPHONEOS_DEPLOYMENT_TARGET = 17.0;
				LOCALIZATION_PREFERS_STRING_CATALOGS = YES;
				MTL_ENABLE_DEBUG_INFO = NO;
				MTL_FAST_MATH = YES;
				SDKROOT = iphoneos;
				SWIFT_COMPILATION_MODE = wholemodule;
				VALIDATE_PRODUCT = YES;
			};
			name = Release;
		};
		0136E1D02ACC47F700171788 /* Debug */ = {
			isa = XCBuildConfiguration;
			buildSettings = {
				ASSETCATALOG_COMPILER_APPICON_NAME = AppIcon;
				ASSETCATALOG_COMPILER_GLOBAL_ACCENT_COLOR_NAME = AccentColor;
				CODE_SIGN_STYLE = Automatic;
				CURRENT_PROJECT_VERSION = 1;
				DEVELOPMENT_TEAM = 7N7ZCU7GNB;
				GENERATE_INFOPLIST_FILE = YES;
				INFOPLIST_FILE = WishMakerApp/Info.plist;
				INFOPLIST_KEY_UIApplicationSupportsIndirectInputEvents = YES;
				INFOPLIST_KEY_UILaunchStoryboardName = LaunchScreen;
				INFOPLIST_KEY_UISupportedInterfaceOrientations_iPad = "UIInterfaceOrientationPortrait UIInterfaceOrientationPortraitUpsideDown UIInterfaceOrientationLandscapeLeft UIInterfaceOrientationLandscapeRight";
				INFOPLIST_KEY_UISupportedInterfaceOrientations_iPhone = "UIInterfaceOrientationPortrait UIInterfaceOrientationLandscapeLeft UIInterfaceOrientationLandscapeRight";
				IPHONEOS_DEPLOYMENT_TARGET = 13.0;
				LD_RUNPATH_SEARCH_PATHS = (
					"$(inherited)",
					"@executable_path/Frameworks",
				);
				MARKETING_VERSION = 1.0;
				PRODUCT_BUNDLE_IDENTIFIER = aubhona.WishMakerAppProd;
				PRODUCT_NAME = "$(TARGET_NAME)";
				SWIFT_EMIT_LOC_STRINGS = YES;
				SWIFT_VERSION = 5.0;
				TARGETED_DEVICE_FAMILY = "1,2";
			};
			name = Debug;
		};
		0136E1D12ACC47F700171788 /* Release */ = {
			isa = XCBuildConfiguration;
			buildSettings = {
				ASSETCATALOG_COMPILER_APPICON_NAME = AppIcon;
				ASSETCATALOG_COMPILER_GLOBAL_ACCENT_COLOR_NAME = AccentColor;
				CODE_SIGN_STYLE = Automatic;
				CURRENT_PROJECT_VERSION = 1;
				DEVELOPMENT_TEAM = 7N7ZCU7GNB;
				GENERATE_INFOPLIST_FILE = YES;
				INFOPLIST_FILE = WishMakerApp/Info.plist;
				INFOPLIST_KEY_UIApplicationSupportsIndirectInputEvents = YES;
				INFOPLIST_KEY_UILaunchStoryboardName = LaunchScreen;
				INFOPLIST_KEY_UISupportedInterfaceOrientations_iPad = "UIInterfaceOrientationPortrait UIInterfaceOrientationPortraitUpsideDown UIInterfaceOrientationLandscapeLeft UIInterfaceOrientationLandscapeRight";
				INFOPLIST_KEY_UISupportedInterfaceOrientations_iPhone = "UIInterfaceOrientationPortrait UIInterfaceOrientationLandscapeLeft UIInterfaceOrientationLandscapeRight";
				IPHONEOS_DEPLOYMENT_TARGET = 13.0;
				LD_RUNPATH_SEARCH_PATHS = (
					"$(inherited)",
					"@executable_path/Frameworks",
				);
				MARKETING_VERSION = 1.0;
				PRODUCT_BUNDLE_IDENTIFIER = aubhona.WishMakerAppProd;
				PRODUCT_NAME = "$(TARGET_NAME)";
				SWIFT_EMIT_LOC_STRINGS = YES;
				SWIFT_VERSION = 5.0;
				TARGETED_DEVICE_FAMILY = "1,2";
			};
			name = Release;
		};
/* End XCBuildConfiguration section */

/* Begin XCConfigurationList section */
		0136E1B62ACC47F600171788 /* Build configuration list for PBXProject "WishMakerApp" */ = {
			isa = XCConfigurationList;
			buildConfigurations = (
				0136E1CD2ACC47F700171788 /* Debug */,
				0136E1CE2ACC47F700171788 /* Release */,
			);
			defaultConfigurationIsVisible = 0;
			defaultConfigurationName = Release;
		};
		0136E1CF2ACC47F700171788 /* Build configuration list for PBXNativeTarget "WishMakerApp" */ = {
			isa = XCConfigurationList;
			buildConfigurations = (
				0136E1D02ACC47F700171788 /* Debug */,
				0136E1D12ACC47F700171788 /* Release */,
			);
			defaultConfigurationIsVisible = 0;
			defaultConfigurationName = Release;
		};
/* End XCConfigurationList section */
	};
	rootObject = 0136E1B32ACC47F600171788 /* Project object */;
}
