// !$*UTF8*$!
{
	archiveVersion = 1;
	classes = {
	};
	objectVersion = 56;
	objects = {

/* Begin PBXBuildFile section */
		018212592AB8FA3D007A98AF /* AppDelegate.swift in Sources */ = {isa = PBXBuildFile; fileRef = 018212582AB8FA3D007A98AF /* AppDelegate.swift */; };
		0182125B2AB8FA3D007A98AF /* SceneDelegate.swift in Sources */ = {isa = PBXBuildFile; fileRef = 0182125A2AB8FA3D007A98AF /* SceneDelegate.swift */; };
		0182125D2AB8FA3D007A98AF /* ViewController.swift in Sources */ = {isa = PBXBuildFile; fileRef = 0182125C2AB8FA3D007A98AF /* ViewController.swift */; };
		018212602AB8FA3D007A98AF /* Main.storyboard in Resources */ = {isa = PBXBuildFile; fileRef = 0182125E2AB8FA3D007A98AF /* Main.storyboard */; };
		018212622AB8FA3F007A98AF /* Assets.xcassets in Resources */ = {isa = PBXBuildFile; fileRef = 018212612AB8FA3F007A98AF /* Assets.xcassets */; };
		018212652AB8FA3F007A98AF /* LaunchScreen.storyboard in Resources */ = {isa = PBXBuildFile; fileRef = 018212632AB8FA3F007A98AF /* LaunchScreen.storyboard */; };
		018212702AB8FA40007A98AF /* ashabdullaevPW1Tests.swift in Sources */ = {isa = PBXBuildFile; fileRef = 0182126F2AB8FA40007A98AF /* ashabdullaevPW1Tests.swift */; };
		0182127A2AB8FA40007A98AF /* ashabdullaevPW1UITests.swift in Sources */ = {isa = PBXBuildFile; fileRef = 018212792AB8FA40007A98AF /* ashabdullaevPW1UITests.swift */; };
		0182127C2AB8FA40007A98AF /* ashabdullaevPW1UITestsLaunchTests.swift in Sources */ = {isa = PBXBuildFile; fileRef = 0182127B2AB8FA40007A98AF /* ashabdullaevPW1UITestsLaunchTests.swift */; };
/* End PBXBuildFile section */

/* Begin PBXContainerItemProxy section */
		0182126C2AB8FA40007A98AF /* PBXContainerItemProxy */ = {
			isa = PBXContainerItemProxy;
			containerPortal = 0182124D2AB8FA3D007A98AF /* Project object */;
			proxyType = 1;
			remoteGlobalIDString = 018212542AB8FA3D007A98AF;
			remoteInfo = ashabdullaevPW1;
		};
		018212762AB8FA40007A98AF /* PBXContainerItemProxy */ = {
			isa = PBXContainerItemProxy;
			containerPortal = 0182124D2AB8FA3D007A98AF /* Project object */;
			proxyType = 1;
			remoteGlobalIDString = 018212542AB8FA3D007A98AF;
			remoteInfo = ashabdullaevPW1;
		};
/* End PBXContainerItemProxy section */

/* Begin PBXFileReference section */
		018212552AB8FA3D007A98AF /* ashabdullaevPW1.app */ = {isa = PBXFileReference; explicitFileType = wrapper.application; includeInIndex = 0; path = ashabdullaevPW1.app; sourceTree = BUILT_PRODUCTS_DIR; };
		018212582AB8FA3D007A98AF /* AppDelegate.swift */ = {isa = PBXFileReference; lastKnownFileType = sourcecode.swift; path = AppDelegate.swift; sourceTree = "<group>"; };
		0182125A2AB8FA3D007A98AF /* SceneDelegate.swift */ = {isa = PBXFileReference; lastKnownFileType = sourcecode.swift; path = SceneDelegate.swift; sourceTree = "<group>"; };
		0182125C2AB8FA3D007A98AF /* ViewController.swift */ = {isa = PBXFileReference; lastKnownFileType = sourcecode.swift; path = ViewController.swift; sourceTree = "<group>"; };
		0182125F2AB8FA3D007A98AF /* Base */ = {isa = PBXFileReference; lastKnownFileType = file.storyboard; name = Base; path = Base.lproj/Main.storyboard; sourceTree = "<group>"; };
		018212612AB8FA3F007A98AF /* Assets.xcassets */ = {isa = PBXFileReference; lastKnownFileType = folder.assetcatalog; path = Assets.xcassets; sourceTree = "<group>"; };
		018212642AB8FA3F007A98AF /* Base */ = {isa = PBXFileReference; lastKnownFileType = file.storyboard; name = Base; path = Base.lproj/LaunchScreen.storyboard; sourceTree = "<group>"; };
		018212662AB8FA3F007A98AF /* Info.plist */ = {isa = PBXFileReference; lastKnownFileType = text.plist.xml; path = Info.plist; sourceTree = "<group>"; };
		0182126B2AB8FA40007A98AF /* ashabdullaevPW1Tests.xctest */ = {isa = PBXFileReference; explicitFileType = wrapper.cfbundle; includeInIndex = 0; path = ashabdullaevPW1Tests.xctest; sourceTree = BUILT_PRODUCTS_DIR; };
		0182126F2AB8FA40007A98AF /* ashabdullaevPW1Tests.swift */ = {isa = PBXFileReference; lastKnownFileType = sourcecode.swift; path = ashabdullaevPW1Tests.swift; sourceTree = "<group>"; };
		018212752AB8FA40007A98AF /* ashabdullaevPW1UITests.xctest */ = {isa = PBXFileReference; explicitFileType = wrapper.cfbundle; includeInIndex = 0; path = ashabdullaevPW1UITests.xctest; sourceTree = BUILT_PRODUCTS_DIR; };
		018212792AB8FA40007A98AF /* ashabdullaevPW1UITests.swift */ = {isa = PBXFileReference; lastKnownFileType = sourcecode.swift; path = ashabdullaevPW1UITests.swift; sourceTree = "<group>"; };
		0182127B2AB8FA40007A98AF /* ashabdullaevPW1UITestsLaunchTests.swift */ = {isa = PBXFileReference; lastKnownFileType = sourcecode.swift; path = ashabdullaevPW1UITestsLaunchTests.swift; sourceTree = "<group>"; };
/* End PBXFileReference section */

/* Begin PBXFrameworksBuildPhase section */
		018212522AB8FA3D007A98AF /* Frameworks */ = {
			isa = PBXFrameworksBuildPhase;
			buildActionMask = 2147483647;
			files = (
			);
			runOnlyForDeploymentPostprocessing = 0;
		};
		018212682AB8FA40007A98AF /* Frameworks */ = {
			isa = PBXFrameworksBuildPhase;
			buildActionMask = 2147483647;
			files = (
			);
			runOnlyForDeploymentPostprocessing = 0;
		};
		018212722AB8FA40007A98AF /* Frameworks */ = {
			isa = PBXFrameworksBuildPhase;
			buildActionMask = 2147483647;
			files = (
			);
			runOnlyForDeploymentPostprocessing = 0;
		};
/* End PBXFrameworksBuildPhase section */

/* Begin PBXGroup section */
		0182124C2AB8FA3D007A98AF = {
			isa = PBXGroup;
			children = (
				018212572AB8FA3D007A98AF /* ashabdullaevPW1 */,
				0182126E2AB8FA40007A98AF /* ashabdullaevPW1Tests */,
				018212782AB8FA40007A98AF /* ashabdullaevPW1UITests */,
				018212562AB8FA3D007A98AF /* Products */,
			);
			sourceTree = "<group>";
		};
		018212562AB8FA3D007A98AF /* Products */ = {
			isa = PBXGroup;
			children = (
				018212552AB8FA3D007A98AF /* ashabdullaevPW1.app */,
				0182126B2AB8FA40007A98AF /* ashabdullaevPW1Tests.xctest */,
				018212752AB8FA40007A98AF /* ashabdullaevPW1UITests.xctest */,
			);
			name = Products;
			sourceTree = "<group>";
		};
		018212572AB8FA3D007A98AF /* ashabdullaevPW1 */ = {
			isa = PBXGroup;
			children = (
				018212582AB8FA3D007A98AF /* AppDelegate.swift */,
				0182125A2AB8FA3D007A98AF /* SceneDelegate.swift */,
				0182125C2AB8FA3D007A98AF /* ViewController.swift */,
				0182125E2AB8FA3D007A98AF /* Main.storyboard */,
				018212612AB8FA3F007A98AF /* Assets.xcassets */,
				018212632AB8FA3F007A98AF /* LaunchScreen.storyboard */,
				018212662AB8FA3F007A98AF /* Info.plist */,
			);
			path = ashabdullaevPW1;
			sourceTree = "<group>";
		};
		0182126E2AB8FA40007A98AF /* ashabdullaevPW1Tests */ = {
			isa = PBXGroup;
			children = (
				0182126F2AB8FA40007A98AF /* ashabdullaevPW1Tests.swift */,
			);
			path = ashabdullaevPW1Tests;
			sourceTree = "<group>";
		};
		018212782AB8FA40007A98AF /* ashabdullaevPW1UITests */ = {
			isa = PBXGroup;
			children = (
				018212792AB8FA40007A98AF /* ashabdullaevPW1UITests.swift */,
				0182127B2AB8FA40007A98AF /* ashabdullaevPW1UITestsLaunchTests.swift */,
			);
			path = ashabdullaevPW1UITests;
			sourceTree = "<group>";
		};
/* End PBXGroup section */

/* Begin PBXNativeTarget section */
		018212542AB8FA3D007A98AF /* ashabdullaevPW1 */ = {
			isa = PBXNativeTarget;
			buildConfigurationList = 0182127F2AB8FA40007A98AF /* Build configuration list for PBXNativeTarget "ashabdullaevPW1" */;
			buildPhases = (
				018212512AB8FA3D007A98AF /* Sources */,
				018212522AB8FA3D007A98AF /* Frameworks */,
				018212532AB8FA3D007A98AF /* Resources */,
			);
			buildRules = (
			);
			dependencies = (
			);
			name = ashabdullaevPW1;
			productName = ashabdullaevPW1;
			productReference = 018212552AB8FA3D007A98AF /* ashabdullaevPW1.app */;
			productType = "com.apple.product-type.application";
		};
		0182126A2AB8FA40007A98AF /* ashabdullaevPW1Tests */ = {
			isa = PBXNativeTarget;
			buildConfigurationList = 018212822AB8FA40007A98AF /* Build configuration list for PBXNativeTarget "ashabdullaevPW1Tests" */;
			buildPhases = (
				018212672AB8FA40007A98AF /* Sources */,
				018212682AB8FA40007A98AF /* Frameworks */,
				018212692AB8FA40007A98AF /* Resources */,
			);
			buildRules = (
			);
			dependencies = (
				0182126D2AB8FA40007A98AF /* PBXTargetDependency */,
			);
			name = ashabdullaevPW1Tests;
			productName = ashabdullaevPW1Tests;
			productReference = 0182126B2AB8FA40007A98AF /* ashabdullaevPW1Tests.xctest */;
			productType = "com.apple.product-type.bundle.unit-test";
		};
		018212742AB8FA40007A98AF /* ashabdullaevPW1UITests */ = {
			isa = PBXNativeTarget;
			buildConfigurationList = 018212852AB8FA40007A98AF /* Build configuration list for PBXNativeTarget "ashabdullaevPW1UITests" */;
			buildPhases = (
				018212712AB8FA40007A98AF /* Sources */,
				018212722AB8FA40007A98AF /* Frameworks */,
				018212732AB8FA40007A98AF /* Resources */,
			);
			buildRules = (
			);
			dependencies = (
				018212772AB8FA40007A98AF /* PBXTargetDependency */,
			);
			name = ashabdullaevPW1UITests;
			productName = ashabdullaevPW1UITests;
			productReference = 018212752AB8FA40007A98AF /* ashabdullaevPW1UITests.xctest */;
			productType = "com.apple.product-type.bundle.ui-testing";
		};
/* End PBXNativeTarget section */

/* Begin PBXProject section */
		0182124D2AB8FA3D007A98AF /* Project object */ = {
			isa = PBXProject;
			attributes = {
				BuildIndependentTargetsInParallel = 1;
				LastSwiftUpdateCheck = 1430;
				LastUpgradeCheck = 1430;
				TargetAttributes = {
					018212542AB8FA3D007A98AF = {
						CreatedOnToolsVersion = 14.3.1;
					};
					0182126A2AB8FA40007A98AF = {
						CreatedOnToolsVersion = 14.3.1;
						TestTargetID = 018212542AB8FA3D007A98AF;
					};
					018212742AB8FA40007A98AF = {
						CreatedOnToolsVersion = 14.3.1;
						TestTargetID = 018212542AB8FA3D007A98AF;
					};
				};
			};
			buildConfigurationList = 018212502AB8FA3D007A98AF /* Build configuration list for PBXProject "ashabdullaevPW1" */;
			compatibilityVersion = "Xcode 14.0";
			developmentRegion = en;
			hasScannedForEncodings = 0;
			knownRegions = (
				en,
				Base,
			);
			mainGroup = 0182124C2AB8FA3D007A98AF;
			productRefGroup = 018212562AB8FA3D007A98AF /* Products */;
			projectDirPath = "";
			projectRoot = "";
			targets = (
				018212542AB8FA3D007A98AF /* ashabdullaevPW1 */,
				0182126A2AB8FA40007A98AF /* ashabdullaevPW1Tests */,
				018212742AB8FA40007A98AF /* ashabdullaevPW1UITests */,
			);
		};
/* End PBXProject section */

/* Begin PBXResourcesBuildPhase section */
		018212532AB8FA3D007A98AF /* Resources */ = {
			isa = PBXResourcesBuildPhase;
			buildActionMask = 2147483647;
			files = (
				018212652AB8FA3F007A98AF /* LaunchScreen.storyboard in Resources */,
				018212622AB8FA3F007A98AF /* Assets.xcassets in Resources */,
				018212602AB8FA3D007A98AF /* Main.storyboard in Resources */,
			);
			runOnlyForDeploymentPostprocessing = 0;
		};
		018212692AB8FA40007A98AF /* Resources */ = {
			isa = PBXResourcesBuildPhase;
			buildActionMask = 2147483647;
			files = (
			);
			runOnlyForDeploymentPostprocessing = 0;
		};
		018212732AB8FA40007A98AF /* Resources */ = {
			isa = PBXResourcesBuildPhase;
			buildActionMask = 2147483647;
			files = (
			);
			runOnlyForDeploymentPostprocessing = 0;
		};
/* End PBXResourcesBuildPhase section */

/* Begin PBXSourcesBuildPhase section */
		018212512AB8FA3D007A98AF /* Sources */ = {
			isa = PBXSourcesBuildPhase;
			buildActionMask = 2147483647;
			files = (
				0182125D2AB8FA3D007A98AF /* ViewController.swift in Sources */,
				018212592AB8FA3D007A98AF /* AppDelegate.swift in Sources */,
				0182125B2AB8FA3D007A98AF /* SceneDelegate.swift in Sources */,
			);
			runOnlyForDeploymentPostprocessing = 0;
		};
		018212672AB8FA40007A98AF /* Sources */ = {
			isa = PBXSourcesBuildPhase;
			buildActionMask = 2147483647;
			files = (
				018212702AB8FA40007A98AF /* ashabdullaevPW1Tests.swift in Sources */,
			);
			runOnlyForDeploymentPostprocessing = 0;
		};
		018212712AB8FA40007A98AF /* Sources */ = {
			isa = PBXSourcesBuildPhase;
			buildActionMask = 2147483647;
			files = (
				0182127A2AB8FA40007A98AF /* ashabdullaevPW1UITests.swift in Sources */,
				0182127C2AB8FA40007A98AF /* ashabdullaevPW1UITestsLaunchTests.swift in Sources */,
			);
			runOnlyForDeploymentPostprocessing = 0;
		};
/* End PBXSourcesBuildPhase section */

/* Begin PBXTargetDependency section */
		0182126D2AB8FA40007A98AF /* PBXTargetDependency */ = {
			isa = PBXTargetDependency;
			target = 018212542AB8FA3D007A98AF /* ashabdullaevPW1 */;
			targetProxy = 0182126C2AB8FA40007A98AF /* PBXContainerItemProxy */;
		};
		018212772AB8FA40007A98AF /* PBXTargetDependency */ = {
			isa = PBXTargetDependency;
			target = 018212542AB8FA3D007A98AF /* ashabdullaevPW1 */;
			targetProxy = 018212762AB8FA40007A98AF /* PBXContainerItemProxy */;
		};
/* End PBXTargetDependency section */

/* Begin PBXVariantGroup section */
		0182125E2AB8FA3D007A98AF /* Main.storyboard */ = {
			isa = PBXVariantGroup;
			children = (
				0182125F2AB8FA3D007A98AF /* Base */,
			);
			name = Main.storyboard;
			sourceTree = "<group>";
		};
		018212632AB8FA3F007A98AF /* LaunchScreen.storyboard */ = {
			isa = PBXVariantGroup;
			children = (
				018212642AB8FA3F007A98AF /* Base */,
			);
			name = LaunchScreen.storyboard;
			sourceTree = "<group>";
		};
/* End PBXVariantGroup section */

/* Begin XCBuildConfiguration section */
		0182127D2AB8FA40007A98AF /* Debug */ = {
			isa = XCBuildConfiguration;
			buildSettings = {
				ALWAYS_SEARCH_USER_PATHS = NO;
				CLANG_ANALYZER_NONNULL = YES;
				CLANG_ANALYZER_NUMBER_OBJECT_CONVERSION = YES_AGGRESSIVE;
				CLANG_CXX_LANGUAGE_STANDARD = "gnu++20";
				CLANG_ENABLE_MODULES = YES;
				CLANG_ENABLE_OBJC_ARC = YES;
				CLANG_ENABLE_OBJC_WEAK = YES;
				CLANG_WARN_BLOCK_CAPTURE_AUTORELEASING = YES;
				CLANG_WARN_BOOL_CONVERSION = YES;
				CLANG_WARN_COMMA = YES;
				CLANG_WARN_CONSTANT_CONVERSION = YES;
				CLANG_WARN_DEPRECATED_OBJC_IMPLEMENTATIONS = YES;
				CLANG_WARN_DIRECT_OBJC_ISA_USAGE = YES_ERROR;
				CLANG_WARN_DOCUMENTATION_COMMENTS = YES;
				CLANG_WARN_EMPTY_BODY = YES;
				CLANG_WARN_ENUM_CONVERSION = YES;
				CLANG_WARN_INFINITE_RECURSION = YES;
				CLANG_WARN_INT_CONVERSION = YES;
				CLANG_WARN_NON_LITERAL_NULL_CONVERSION = YES;
				CLANG_WARN_OBJC_IMPLICIT_RETAIN_SELF = YES;
				CLANG_WARN_OBJC_LITERAL_CONVERSION = YES;
				CLANG_WARN_OBJC_ROOT_CLASS = YES_ERROR;
				CLANG_WARN_QUOTED_INCLUDE_IN_FRAMEWORK_HEADER = YES;
				CLANG_WARN_RANGE_LOOP_ANALYSIS = YES;
				CLANG_WARN_STRICT_PROTOTYPES = YES;
				CLANG_WARN_SUSPICIOUS_MOVE = YES;
				CLANG_WARN_UNGUARDED_AVAILABILITY = YES_AGGRESSIVE;
				CLANG_WARN_UNREACHABLE_CODE = YES;
				CLANG_WARN__DUPLICATE_METHOD_MATCH = YES;
				COPY_PHASE_STRIP = NO;
				DEBUG_INFORMATION_FORMAT = dwarf;
				ENABLE_STRICT_OBJC_MSGSEND = YES;
				ENABLE_TESTABILITY = YES;
				GCC_C_LANGUAGE_STANDARD = gnu11;
				GCC_DYNAMIC_NO_PIC = NO;
				GCC_NO_COMMON_BLOCKS = YES;
				GCC_OPTIMIZATION_LEVEL = 0;
				GCC_PREPROCESSOR_DEFINITIONS = (
					"DEBUG=1",
					"$(inherited)",
				);
				GCC_WARN_64_TO_32_BIT_CONVERSION = YES;
				GCC_WARN_ABOUT_RETURN_TYPE = YES_ERROR;
				GCC_WARN_UNDECLARED_SELECTOR = YES;
				GCC_WARN_UNINITIALIZED_AUTOS = YES_AGGRESSIVE;
				GCC_WARN_UNUSED_FUNCTION = YES;
				GCC_WARN_UNUSED_VARIABLE = YES;
				IPHONEOS_DEPLOYMENT_TARGET = 16.4;
				MTL_ENABLE_DEBUG_INFO = INCLUDE_SOURCE;
				MTL_FAST_MATH = YES;
				ONLY_ACTIVE_ARCH = YES;
				SDKROOT = iphoneos;
				SWIFT_ACTIVE_COMPILATION_CONDITIONS = DEBUG;
				SWIFT_OPTIMIZATION_LEVEL = "-Onone";
			};
			name = Debug;
		};
		0182127E2AB8FA40007A98AF /* Release */ = {
			isa = XCBuildConfiguration;
			buildSettings = {
				ALWAYS_SEARCH_USER_PATHS = NO;
				CLANG_ANALYZER_NONNULL = YES;
				CLANG_ANALYZER_NUMBER_OBJECT_CONVERSION = YES_AGGRESSIVE;
				CLANG_CXX_LANGUAGE_STANDARD = "gnu++20";
				CLANG_ENABLE_MODULES = YES;
				CLANG_ENABLE_OBJC_ARC = YES;
				CLANG_ENABLE_OBJC_WEAK = YES;
				CLANG_WARN_BLOCK_CAPTURE_AUTORELEASING = YES;
				CLANG_WARN_BOOL_CONVERSION = YES;
				CLANG_WARN_COMMA = YES;
				CLANG_WARN_CONSTANT_CONVERSION = YES;
				CLANG_WARN_DEPRECATED_OBJC_IMPLEMENTATIONS = YES;
				CLANG_WARN_DIRECT_OBJC_ISA_USAGE = YES_ERROR;
				CLANG_WARN_DOCUMENTATION_COMMENTS = YES;
				CLANG_WARN_EMPTY_BODY = YES;
				CLANG_WARN_ENUM_CONVERSION = YES;
				CLANG_WARN_INFINITE_RECURSION = YES;
				CLANG_WARN_INT_CONVERSION = YES;
				CLANG_WARN_NON_LITERAL_NULL_CONVERSION = YES;
				CLANG_WARN_OBJC_IMPLICIT_RETAIN_SELF = YES;
				CLANG_WARN_OBJC_LITERAL_CONVERSION = YES;
				CLANG_WARN_OBJC_ROOT_CLASS = YES_ERROR;
				CLANG_WARN_QUOTED_INCLUDE_IN_FRAMEWORK_HEADER = YES;
				CLANG_WARN_RANGE_LOOP_ANALYSIS = YES;
				CLANG_WARN_STRICT_PROTOTYPES = YES;
				CLANG_WARN_SUSPICIOUS_MOVE = YES;
				CLANG_WARN_UNGUARDED_AVAILABILITY = YES_AGGRESSIVE;
				CLANG_WARN_UNREACHABLE_CODE = YES;
				CLANG_WARN__DUPLICATE_METHOD_MATCH = YES;
				COPY_PHASE_STRIP = NO;
				DEBUG_INFORMATION_FORMAT = "dwarf-with-dsym";
				ENABLE_NS_ASSERTIONS = NO;
				ENABLE_STRICT_OBJC_MSGSEND = YES;
				GCC_C_LANGUAGE_STANDARD = gnu11;
				GCC_NO_COMMON_BLOCKS = YES;
				GCC_WARN_64_TO_32_BIT_CONVERSION = YES;
				GCC_WARN_ABOUT_RETURN_TYPE = YES_ERROR;
				GCC_WARN_UNDECLARED_SELECTOR = YES;
				GCC_WARN_UNINITIALIZED_AUTOS = YES_AGGRESSIVE;
				GCC_WARN_UNUSED_FUNCTION = YES;
				GCC_WARN_UNUSED_VARIABLE = YES;
				IPHONEOS_DEPLOYMENT_TARGET = 16.4;
				MTL_ENABLE_DEBUG_INFO = NO;
				MTL_FAST_MATH = YES;
				SDKROOT = iphoneos;
				SWIFT_COMPILATION_MODE = wholemodule;
				SWIFT_OPTIMIZATION_LEVEL = "-O";
				VALIDATE_PRODUCT = YES;
			};
			name = Release;
		};
		018212802AB8FA40007A98AF /* Debug */ = {
			isa = XCBuildConfiguration;
			buildSettings = {
				ASSETCATALOG_COMPILER_APPICON_NAME = AppIcon;
				ASSETCATALOG_COMPILER_GLOBAL_ACCENT_COLOR_NAME = AccentColor;
				CODE_SIGN_STYLE = Automatic;
				CURRENT_PROJECT_VERSION = 1;
				GENERATE_INFOPLIST_FILE = YES;
				INFOPLIST_FILE = ashabdullaevPW1/Info.plist;
				INFOPLIST_KEY_UIApplicationSupportsIndirectInputEvents = YES;
				INFOPLIST_KEY_UILaunchStoryboardName = LaunchScreen;
				INFOPLIST_KEY_UIMainStoryboardFile = Main;
				INFOPLIST_KEY_UISupportedInterfaceOrientations_iPad = "UIInterfaceOrientationPortrait UIInterfaceOrientationPortraitUpsideDown UIInterfaceOrientationLandscapeLeft UIInterfaceOrientationLandscapeRight";
				INFOPLIST_KEY_UISupportedInterfaceOrientations_iPhone = "UIInterfaceOrientationPortrait UIInterfaceOrientationLandscapeLeft UIInterfaceOrientationLandscapeRight";
				LD_RUNPATH_SEARCH_PATHS = (
					"$(inherited)",
					"@executable_path/Frameworks",
				);
				MARKETING_VERSION = 1.0;
				PRODUCT_BUNDLE_IDENTIFIER = aubhona.ashabdullaevPW1;
				PRODUCT_NAME = "$(TARGET_NAME)";
				SWIFT_EMIT_LOC_STRINGS = YES;
				SWIFT_VERSION = 5.0;
				TARGETED_DEVICE_FAMILY = "1,2";
			};
			name = Debug;
		};
		018212812AB8FA40007A98AF /* Release */ = {
			isa = XCBuildConfiguration;
			buildSettings = {
				ASSETCATALOG_COMPILER_APPICON_NAME = AppIcon;
				ASSETCATALOG_COMPILER_GLOBAL_ACCENT_COLOR_NAME = AccentColor;
				CODE_SIGN_STYLE = Automatic;
				CURRENT_PROJECT_VERSION = 1;
				GENERATE_INFOPLIST_FILE = YES;
				INFOPLIST_FILE = ashabdullaevPW1/Info.plist;
				INFOPLIST_KEY_UIApplicationSupportsIndirectInputEvents = YES;
				INFOPLIST_KEY_UILaunchStoryboardName = LaunchScreen;
				INFOPLIST_KEY_UIMainStoryboardFile = Main;
				INFOPLIST_KEY_UISupportedInterfaceOrientations_iPad = "UIInterfaceOrientationPortrait UIInterfaceOrientationPortraitUpsideDown UIInterfaceOrientationLandscapeLeft UIInterfaceOrientationLandscapeRight";
				INFOPLIST_KEY_UISupportedInterfaceOrientations_iPhone = "UIInterfaceOrientationPortrait UIInterfaceOrientationLandscapeLeft UIInterfaceOrientationLandscapeRight";
				LD_RUNPATH_SEARCH_PATHS = (
					"$(inherited)",
					"@executable_path/Frameworks",
				);
				MARKETING_VERSION = 1.0;
				PRODUCT_BUNDLE_IDENTIFIER = aubhona.ashabdullaevPW1;
				PRODUCT_NAME = "$(TARGET_NAME)";
				SWIFT_EMIT_LOC_STRINGS = YES;
				SWIFT_VERSION = 5.0;
				TARGETED_DEVICE_FAMILY = "1,2";
			};
			name = Release;
		};
		018212832AB8FA40007A98AF /* Debug */ = {
			isa = XCBuildConfiguration;
			buildSettings = {
				ALWAYS_EMBED_SWIFT_STANDARD_LIBRARIES = YES;
				BUNDLE_LOADER = "$(TEST_HOST)";
				CODE_SIGN_STYLE = Automatic;
				CURRENT_PROJECT_VERSION = 1;
				GENERATE_INFOPLIST_FILE = YES;
				IPHONEOS_DEPLOYMENT_TARGET = 16.4;
				MARKETING_VERSION = 1.0;
				PRODUCT_BUNDLE_IDENTIFIER = aubhona.ashabdullaevPW1Tests;
				PRODUCT_NAME = "$(TARGET_NAME)";
				SWIFT_EMIT_LOC_STRINGS = NO;
				SWIFT_VERSION = 5.0;
				TARGETED_DEVICE_FAMILY = "1,2";
				TEST_HOST = "$(BUILT_PRODUCTS_DIR)/ashabdullaevPW1.app/$(BUNDLE_EXECUTABLE_FOLDER_PATH)/ashabdullaevPW1";
			};
			name = Debug;
		};
		018212842AB8FA40007A98AF /* Release */ = {
			isa = XCBuildConfiguration;
			buildSettings = {
				ALWAYS_EMBED_SWIFT_STANDARD_LIBRARIES = YES;
				BUNDLE_LOADER = "$(TEST_HOST)";
				CODE_SIGN_STYLE = Automatic;
				CURRENT_PROJECT_VERSION = 1;
				GENERATE_INFOPLIST_FILE = YES;
				IPHONEOS_DEPLOYMENT_TARGET = 16.4;
				MARKETING_VERSION = 1.0;
				PRODUCT_BUNDLE_IDENTIFIER = aubhona.ashabdullaevPW1Tests;
				PRODUCT_NAME = "$(TARGET_NAME)";
				SWIFT_EMIT_LOC_STRINGS = NO;
				SWIFT_VERSION = 5.0;
				TARGETED_DEVICE_FAMILY = "1,2";
				TEST_HOST = "$(BUILT_PRODUCTS_DIR)/ashabdullaevPW1.app/$(BUNDLE_EXECUTABLE_FOLDER_PATH)/ashabdullaevPW1";
			};
			name = Release;
		};
		018212862AB8FA40007A98AF /* Debug */ = {
			isa = XCBuildConfiguration;
			buildSettings = {
				ALWAYS_EMBED_SWIFT_STANDARD_LIBRARIES = YES;
				CODE_SIGN_STYLE = Automatic;
				CURRENT_PROJECT_VERSION = 1;
				GENERATE_INFOPLIST_FILE = YES;
				MARKETING_VERSION = 1.0;
				PRODUCT_BUNDLE_IDENTIFIER = aubhona.ashabdullaevPW1UITests;
				PRODUCT_NAME = "$(TARGET_NAME)";
				SWIFT_EMIT_LOC_STRINGS = NO;
				SWIFT_VERSION = 5.0;
				TARGETED_DEVICE_FAMILY = "1,2";
				TEST_TARGET_NAME = ashabdullaevPW1;
			};
			name = Debug;
		};
		018212872AB8FA40007A98AF /* Release */ = {
			isa = XCBuildConfiguration;
			buildSettings = {
				ALWAYS_EMBED_SWIFT_STANDARD_LIBRARIES = YES;
				CODE_SIGN_STYLE = Automatic;
				CURRENT_PROJECT_VERSION = 1;
				GENERATE_INFOPLIST_FILE = YES;
				MARKETING_VERSION = 1.0;
				PRODUCT_BUNDLE_IDENTIFIER = aubhona.ashabdullaevPW1UITests;
				PRODUCT_NAME = "$(TARGET_NAME)";
				SWIFT_EMIT_LOC_STRINGS = NO;
				SWIFT_VERSION = 5.0;
				TARGETED_DEVICE_FAMILY = "1,2";
				TEST_TARGET_NAME = ashabdullaevPW1;
			};
			name = Release;
		};
/* End XCBuildConfiguration section */

/* Begin XCConfigurationList section */
		018212502AB8FA3D007A98AF /* Build configuration list for PBXProject "ashabdullaevPW1" */ = {
			isa = XCConfigurationList;
			buildConfigurations = (
				0182127D2AB8FA40007A98AF /* Debug */,
				0182127E2AB8FA40007A98AF /* Release */,
			);
			defaultConfigurationIsVisible = 0;
			defaultConfigurationName = Release;
		};
		0182127F2AB8FA40007A98AF /* Build configuration list for PBXNativeTarget "ashabdullaevPW1" */ = {
			isa = XCConfigurationList;
			buildConfigurations = (
				018212802AB8FA40007A98AF /* Debug */,
				018212812AB8FA40007A98AF /* Release */,
			);
			defaultConfigurationIsVisible = 0;
			defaultConfigurationName = Release;
		};
		018212822AB8FA40007A98AF /* Build configuration list for PBXNativeTarget "ashabdullaevPW1Tests" */ = {
			isa = XCConfigurationList;
			buildConfigurations = (
				018212832AB8FA40007A98AF /* Debug */,
				018212842AB8FA40007A98AF /* Release */,
			);
			defaultConfigurationIsVisible = 0;
			defaultConfigurationName = Release;
		};
		018212852AB8FA40007A98AF /* Build configuration list for PBXNativeTarget "ashabdullaevPW1UITests" */ = {
			isa = XCConfigurationList;
			buildConfigurations = (
				018212862AB8FA40007A98AF /* Debug */,
				018212872AB8FA40007A98AF /* Release */,
			);
			defaultConfigurationIsVisible = 0;
			defaultConfigurationName = Release;
		};
/* End XCConfigurationList section */
	};
	rootObject = 0182124D2AB8FA3D007A98AF /* Project object */;
}
