// !$*UTF8*$!
{
	archiveVersion = 1;
	classes = {
	};
	objectVersion = 56;
	objects = {

/* Begin PBXBuildFile section */
		013874BC2B6430CD00AF4B7E /* AppDelegate.swift in Sources */ = {isa = PBXBuildFile; fileRef = 013874BB2B6430CD00AF4B7E /* AppDelegate.swift */; };
		013874BE2B6430CD00AF4B7E /* SceneDelegate.swift in Sources */ = {isa = PBXBuildFile; fileRef = 013874BD2B6430CD00AF4B7E /* SceneDelegate.swift */; };
		013874C02B6430CD00AF4B7E /* ViewController.swift in Sources */ = {isa = PBXBuildFile; fileRef = 013874BF2B6430CD00AF4B7E /* ViewController.swift */; };
		013874C32B6430CD00AF4B7E /* Main.storyboard in Resources */ = {isa = PBXBuildFile; fileRef = 013874C12B6430CD00AF4B7E /* Main.storyboard */; };
		013874C52B6430CE00AF4B7E /* Assets.xcassets in Resources */ = {isa = PBXBuildFile; fileRef = 013874C42B6430CE00AF4B7E /* Assets.xcassets */; };
		013874C82B6430CE00AF4B7E /* LaunchScreen.storyboard in Resources */ = {isa = PBXBuildFile; fileRef = 013874C62B6430CE00AF4B7E /* LaunchScreen.storyboard */; };
		013874D32B64311900AF4B7E /* Model.swift in Sources */ = {isa = PBXBuildFile; fileRef = 013874D22B64311900AF4B7E /* Model.swift */; };
		013874D52B64313000AF4B7E /* MVCView.swift in Sources */ = {isa = PBXBuildFile; fileRef = 013874D42B64313000AF4B7E /* MVCView.swift */; };
		013874D72B64316000AF4B7E /* MVCViewController.swift in Sources */ = {isa = PBXBuildFile; fileRef = 013874D62B64316000AF4B7E /* MVCViewController.swift */; };
		013874D92B64355500AF4B7E /* MVVMViewController.swift in Sources */ = {isa = PBXBuildFile; fileRef = 013874D82B64355500AF4B7E /* MVVMViewController.swift */; };
		013874DB2B64358E00AF4B7E /* Model.swift in Sources */ = {isa = PBXBuildFile; fileRef = 013874DA2B64358E00AF4B7E /* Model.swift */; };
		013874DD2B6437C600AF4B7E /* ViewModel.swift in Sources */ = {isa = PBXBuildFile; fileRef = 013874DC2B6437C600AF4B7E /* ViewModel.swift */; };
		013874DF2B643D9300AF4B7E /* CSViewController.swift in Sources */ = {isa = PBXBuildFile; fileRef = 013874DE2B643D9300AF4B7E /* CSViewController.swift */; };
		013874E12B643E9A00AF4B7E /* Interactor.swift in Sources */ = {isa = PBXBuildFile; fileRef = 013874E02B643E9A00AF4B7E /* Interactor.swift */; };
		013874E32B643FA000AF4B7E /* Presenter.swift in Sources */ = {isa = PBXBuildFile; fileRef = 013874E22B643FA000AF4B7E /* Presenter.swift */; };
		013874E52B64435400AF4B7E /* Assembly.swift in Sources */ = {isa = PBXBuildFile; fileRef = 013874E42B64435400AF4B7E /* Assembly.swift */; };
		013874E72B6444C400AF4B7E /* Router.swift in Sources */ = {isa = PBXBuildFile; fileRef = 013874E62B6444C400AF4B7E /* Router.swift */; };
/* End PBXBuildFile section */

/* Begin PBXFileReference section */
		013874B82B6430CD00AF4B7E /* ArchitectureShowcase.app */ = {isa = PBXFileReference; explicitFileType = wrapper.application; includeInIndex = 0; path = ArchitectureShowcase.app; sourceTree = BUILT_PRODUCTS_DIR; };
		013874BB2B6430CD00AF4B7E /* AppDelegate.swift */ = {isa = PBXFileReference; lastKnownFileType = sourcecode.swift; path = AppDelegate.swift; sourceTree = "<group>"; };
		013874BD2B6430CD00AF4B7E /* SceneDelegate.swift */ = {isa = PBXFileReference; lastKnownFileType = sourcecode.swift; path = SceneDelegate.swift; sourceTree = "<group>"; };
		013874BF2B6430CD00AF4B7E /* ViewController.swift */ = {isa = PBXFileReference; lastKnownFileType = sourcecode.swift; path = ViewController.swift; sourceTree = "<group>"; };
		013874C22B6430CD00AF4B7E /* Base */ = {isa = PBXFileReference; lastKnownFileType = file.storyboard; name = Base; path = Base.lproj/Main.storyboard; sourceTree = "<group>"; };
		013874C42B6430CE00AF4B7E /* Assets.xcassets */ = {isa = PBXFileReference; lastKnownFileType = folder.assetcatalog; path = Assets.xcassets; sourceTree = "<group>"; };
		013874C72B6430CE00AF4B7E /* Base */ = {isa = PBXFileReference; lastKnownFileType = file.storyboard; name = Base; path = Base.lproj/LaunchScreen.storyboard; sourceTree = "<group>"; };
		013874C92B6430CE00AF4B7E /* Info.plist */ = {isa = PBXFileReference; lastKnownFileType = text.plist.xml; path = Info.plist; sourceTree = "<group>"; };
		013874D22B64311900AF4B7E /* Model.swift */ = {isa = PBXFileReference; lastKnownFileType = sourcecode.swift; path = Model.swift; sourceTree = "<group>"; };
		013874D42B64313000AF4B7E /* MVCView.swift */ = {isa = PBXFileReference; lastKnownFileType = sourcecode.swift; path = MVCView.swift; sourceTree = "<group>"; };
		013874D62B64316000AF4B7E /* MVCViewController.swift */ = {isa = PBXFileReference; lastKnownFileType = sourcecode.swift; path = MVCViewController.swift; sourceTree = "<group>"; };
		013874D82B64355500AF4B7E /* MVVMViewController.swift */ = {isa = PBXFileReference; lastKnownFileType = sourcecode.swift; path = MVVMViewController.swift; sourceTree = "<group>"; };
		013874DA2B64358E00AF4B7E /* Model.swift */ = {isa = PBXFileReference; lastKnownFileType = sourcecode.swift; path = Model.swift; sourceTree = "<group>"; };
		013874DC2B6437C600AF4B7E /* ViewModel.swift */ = {isa = PBXFileReference; lastKnownFileType = sourcecode.swift; path = ViewModel.swift; sourceTree = "<group>"; };
		013874DE2B643D9300AF4B7E /* CSViewController.swift */ = {isa = PBXFileReference; lastKnownFileType = sourcecode.swift; path = CSViewController.swift; sourceTree = "<group>"; };
		013874E02B643E9A00AF4B7E /* Interactor.swift */ = {isa = PBXFileReference; lastKnownFileType = sourcecode.swift; path = Interactor.swift; sourceTree = "<group>"; };
		013874E22B643FA000AF4B7E /* Presenter.swift */ = {isa = PBXFileReference; lastKnownFileType = sourcecode.swift; path = Presenter.swift; sourceTree = "<group>"; };
		013874E42B64435400AF4B7E /* Assembly.swift */ = {isa = PBXFileReference; lastKnownFileType = sourcecode.swift; path = Assembly.swift; sourceTree = "<group>"; };
		013874E62B6444C400AF4B7E /* Router.swift */ = {isa = PBXFileReference; lastKnownFileType = sourcecode.swift; path = Router.swift; sourceTree = "<group>"; };
/* End PBXFileReference section */

/* Begin PBXFrameworksBuildPhase section */
		013874B52B6430CD00AF4B7E /* Frameworks */ = {
			isa = PBXFrameworksBuildPhase;
			buildActionMask = 2147483647;
			files = (
			);
			runOnlyForDeploymentPostprocessing = 0;
		};
/* End PBXFrameworksBuildPhase section */

/* Begin PBXGroup section */
		013874AF2B6430CD00AF4B7E = {
			isa = PBXGroup;
			children = (
				013874BA2B6430CD00AF4B7E /* ArchitectureShowcase */,
				013874B92B6430CD00AF4B7E /* Products */,
			);
			sourceTree = "<group>";
		};
		013874B92B6430CD00AF4B7E /* Products */ = {
			isa = PBXGroup;
			children = (
				013874B82B6430CD00AF4B7E /* ArchitectureShowcase.app */,
			);
			name = Products;
			sourceTree = "<group>";
		};
		013874BA2B6430CD00AF4B7E /* ArchitectureShowcase */ = {
			isa = PBXGroup;
			children = (
				013874D12B6430F200AF4B7E /* CleanSwift */,
				013874D02B6430E400AF4B7E /* MVVM */,
				013874CF2B6430DB00AF4B7E /* MVC */,
				013874BB2B6430CD00AF4B7E /* AppDelegate.swift */,
				013874BD2B6430CD00AF4B7E /* SceneDelegate.swift */,
				013874BF2B6430CD00AF4B7E /* ViewController.swift */,
				013874C12B6430CD00AF4B7E /* Main.storyboard */,
				013874C42B6430CE00AF4B7E /* Assets.xcassets */,
				013874C62B6430CE00AF4B7E /* LaunchScreen.storyboard */,
				013874C92B6430CE00AF4B7E /* Info.plist */,
			);
			path = ArchitectureShowcase;
			sourceTree = "<group>";
		};
		013874CF2B6430DB00AF4B7E /* MVC */ = {
			isa = PBXGroup;
			children = (
				013874D22B64311900AF4B7E /* Model.swift */,
				013874D42B64313000AF4B7E /* MVCView.swift */,
				013874D62B64316000AF4B7E /* MVCViewController.swift */,
			);
			path = MVC;
			sourceTree = "<group>";
		};
		013874D02B6430E400AF4B7E /* MVVM */ = {
			isa = PBXGroup;
			children = (
				013874D82B64355500AF4B7E /* MVVMViewController.swift */,
				013874DA2B64358E00AF4B7E /* Model.swift */,
				013874DC2B6437C600AF4B7E /* ViewModel.swift */,
			);
			path = MVVM;
			sourceTree = "<group>";
		};
		013874D12B6430F200AF4B7E /* CleanSwift */ = {
			isa = PBXGroup;
			children = (
				013874DE2B643D9300AF4B7E /* CSViewController.swift */,
				013874E02B643E9A00AF4B7E /* Interactor.swift */,
				013874E22B643FA000AF4B7E /* Presenter.swift */,
				013874E42B64435400AF4B7E /* Assembly.swift */,
				013874E62B6444C400AF4B7E /* Router.swift */,
			);
			path = CleanSwift;
			sourceTree = "<group>";
		};
/* End PBXGroup section */

/* Begin PBXNativeTarget section */
		013874B72B6430CD00AF4B7E /* ArchitectureShowcase */ = {
			isa = PBXNativeTarget;
			buildConfigurationList = 013874CC2B6430CE00AF4B7E /* Build configuration list for PBXNativeTarget "ArchitectureShowcase" */;
			buildPhases = (
				013874B42B6430CD00AF4B7E /* Sources */,
				013874B52B6430CD00AF4B7E /* Frameworks */,
				013874B62B6430CD00AF4B7E /* Resources */,
			);
			buildRules = (
			);
			dependencies = (
			);
			name = ArchitectureShowcase;
			productName = ArchitectureShowcase;
			productReference = 013874B82B6430CD00AF4B7E /* ArchitectureShowcase.app */;
			productType = "com.apple.product-type.application";
		};
/* End PBXNativeTarget section */

/* Begin PBXProject section */
		013874B02B6430CD00AF4B7E /* Project object */ = {
			isa = PBXProject;
			attributes = {
				BuildIndependentTargetsInParallel = 1;
				LastSwiftUpdateCheck = 1520;
				LastUpgradeCheck = 1520;
				TargetAttributes = {
					013874B72B6430CD00AF4B7E = {
						CreatedOnToolsVersion = 15.2;
					};
				};
			};
			buildConfigurationList = 013874B32B6430CD00AF4B7E /* Build configuration list for PBXProject "ArchitectureShowcase" */;
			compatibilityVersion = "Xcode 14.0";
			developmentRegion = en;
			hasScannedForEncodings = 0;
			knownRegions = (
				en,
				Base,
			);
			mainGroup = 013874AF2B6430CD00AF4B7E;
			productRefGroup = 013874B92B6430CD00AF4B7E /* Products */;
			projectDirPath = "";
			projectRoot = "";
			targets = (
				013874B72B6430CD00AF4B7E /* ArchitectureShowcase */,
			);
		};
/* End PBXProject section */

/* Begin PBXResourcesBuildPhase section */
		013874B62B6430CD00AF4B7E /* Resources */ = {
			isa = PBXResourcesBuildPhase;
			buildActionMask = 2147483647;
			files = (
				013874C82B6430CE00AF4B7E /* LaunchScreen.storyboard in Resources */,
				013874C52B6430CE00AF4B7E /* Assets.xcassets in Resources */,
				013874C32B6430CD00AF4B7E /* Main.storyboard in Resources */,
			);
			runOnlyForDeploymentPostprocessing = 0;
		};
/* End PBXResourcesBuildPhase section */

/* Begin PBXSourcesBuildPhase section */
		013874B42B6430CD00AF4B7E /* Sources */ = {
			isa = PBXSourcesBuildPhase;
			buildActionMask = 2147483647;
			files = (
				013874C02B6430CD00AF4B7E /* ViewController.swift in Sources */,
				013874DD2B6437C600AF4B7E /* ViewModel.swift in Sources */,
				013874E12B643E9A00AF4B7E /* Interactor.swift in Sources */,
				013874D72B64316000AF4B7E /* MVCViewController.swift in Sources */,
				013874D52B64313000AF4B7E /* MVCView.swift in Sources */,
				013874DF2B643D9300AF4B7E /* CSViewController.swift in Sources */,
				013874E32B643FA000AF4B7E /* Presenter.swift in Sources */,
				013874BC2B6430CD00AF4B7E /* AppDelegate.swift in Sources */,
				013874BE2B6430CD00AF4B7E /* SceneDelegate.swift in Sources */,
				013874D32B64311900AF4B7E /* Model.swift in Sources */,
				013874E72B6444C400AF4B7E /* Router.swift in Sources */,
				013874D92B64355500AF4B7E /* MVVMViewController.swift in Sources */,
				013874DB2B64358E00AF4B7E /* Model.swift in Sources */,
				013874E52B64435400AF4B7E /* Assembly.swift in Sources */,
			);
			runOnlyForDeploymentPostprocessing = 0;
		};
/* End PBXSourcesBuildPhase section */

/* Begin PBXVariantGroup section */
		013874C12B6430CD00AF4B7E /* Main.storyboard */ = {
			isa = PBXVariantGroup;
			children = (
				013874C22B6430CD00AF4B7E /* Base */,
			);
			name = Main.storyboard;
			sourceTree = "<group>";
		};
		013874C62B6430CE00AF4B7E /* LaunchScreen.storyboard */ = {
			isa = PBXVariantGroup;
			children = (
				013874C72B6430CE00AF4B7E /* Base */,
			);
			name = LaunchScreen.storyboard;
			sourceTree = "<group>";
		};
/* End PBXVariantGroup section */

/* Begin XCBuildConfiguration section */
		013874CA2B6430CE00AF4B7E /* Debug */ = {
			isa = XCBuildConfiguration;
			buildSettings = {
				ALWAYS_SEARCH_USER_PATHS = NO;
				ASSETCATALOG_COMPILER_GENERATE_SWIFT_ASSET_SYMBOL_EXTENSIONS = YES;
				CLANG_ANALYZER_NONNULL = YES;
				CLANG_ANALYZER_NUMBER_OBJECT_CONVERSION = YES_AGGRESSIVE;
				CLANG_CXX_LANGUAGE_STANDARD = "gnu++20";
				CLANG_ENABLE_MODULES = YES;
				CLANG_ENABLE_OBJC_ARC = YES;
				CLANG_ENABLE_OBJC_WEAK = YES;
				CLANG_WARN_BLOCK_CAPTURE_AUTORELEASING = YES;
				CLANG_WARN_BOOL_CONVERSION = YES;
				CLANG_WARN_COMMA = YES;
				CLANG_WARN_CONSTANT_CONVERSION = YES;
				CLANG_WARN_DEPRECATED_OBJC_IMPLEMENTATIONS = YES;
				CLANG_WARN_DIRECT_OBJC_ISA_USAGE = YES_ERROR;
				CLANG_WARN_DOCUMENTATION_COMMENTS = YES;
				CLANG_WARN_EMPTY_BODY = YES;
				CLANG_WARN_ENUM_CONVERSION = YES;
				CLANG_WARN_INFINITE_RECURSION = YES;
				CLANG_WARN_INT_CONVERSION = YES;
				CLANG_WARN_NON_LITERAL_NULL_CONVERSION = YES;
				CLANG_WARN_OBJC_IMPLICIT_RETAIN_SELF = YES;
				CLANG_WARN_OBJC_LITERAL_CONVERSION = YES;
				CLANG_WARN_OBJC_ROOT_CLASS = YES_ERROR;
				CLANG_WARN_QUOTED_INCLUDE_IN_FRAMEWORK_HEADER = YES;
				CLANG_WARN_RANGE_LOOP_ANALYSIS = YES;
				CLANG_WARN_STRICT_PROTOTYPES = YES;
				CLANG_WARN_SUSPICIOUS_MOVE = YES;
				CLANG_WARN_UNGUARDED_AVAILABILITY = YES_AGGRESSIVE;
				CLANG_WARN_UNREACHABLE_CODE = YES;
				CLANG_WARN__DUPLICATE_METHOD_MATCH = YES;
				COPY_PHASE_STRIP = NO;
				DEBUG_INFORMATION_FORMAT = dwarf;
				ENABLE_STRICT_OBJC_MSGSEND = YES;
				ENABLE_TESTABILITY = YES;
				ENABLE_USER_SCRIPT_SANDBOXING = YES;
				GCC_C_LANGUAGE_STANDARD = gnu17;
				GCC_DYNAMIC_NO_PIC = NO;
				GCC_NO_COMMON_BLOCKS = YES;
				GCC_OPTIMIZATION_LEVEL = 0;
				GCC_PREPROCESSOR_DEFINITIONS = (
					"DEBUG=1",
					"$(inherited)",
				);
				GCC_WARN_64_TO_32_BIT_CONVERSION = YES;
				GCC_WARN_ABOUT_RETURN_TYPE = YES_ERROR;
				GCC_WARN_UNDECLARED_SELECTOR = YES;
				GCC_WARN_UNINITIALIZED_AUTOS = YES_AGGRESSIVE;
				GCC_WARN_UNUSED_FUNCTION = YES;
				GCC_WARN_UNUSED_VARIABLE = YES;
				IPHONEOS_DEPLOYMENT_TARGET = 17.2;
				LOCALIZATION_PREFERS_STRING_CATALOGS = YES;
				MTL_ENABLE_DEBUG_INFO = INCLUDE_SOURCE;
				MTL_FAST_MATH = YES;
				ONLY_ACTIVE_ARCH = YES;
				SDKROOT = iphoneos;
				SWIFT_ACTIVE_COMPILATION_CONDITIONS = "DEBUG $(inherited)";
				SWIFT_OPTIMIZATION_LEVEL = "-Onone";
			};
			name = Debug;
		};
		013874CB2B6430CE00AF4B7E /* Release */ = {
			isa = XCBuildConfiguration;
			buildSettings = {
				ALWAYS_SEARCH_USER_PATHS = NO;
				ASSETCATALOG_COMPILER_GENERATE_SWIFT_ASSET_SYMBOL_EXTENSIONS = YES;
				CLANG_ANALYZER_NONNULL = YES;
				CLANG_ANALYZER_NUMBER_OBJECT_CONVERSION = YES_AGGRESSIVE;
				CLANG_CXX_LANGUAGE_STANDARD = "gnu++20";
				CLANG_ENABLE_MODULES = YES;
				CLANG_ENABLE_OBJC_ARC = YES;
				CLANG_ENABLE_OBJC_WEAK = YES;
				CLANG_WARN_BLOCK_CAPTURE_AUTORELEASING = YES;
				CLANG_WARN_BOOL_CONVERSION = YES;
				CLANG_WARN_COMMA = YES;
				CLANG_WARN_CONSTANT_CONVERSION = YES;
				CLANG_WARN_DEPRECATED_OBJC_IMPLEMENTATIONS = YES;
				CLANG_WARN_DIRECT_OBJC_ISA_USAGE = YES_ERROR;
				CLANG_WARN_DOCUMENTATION_COMMENTS = YES;
				CLANG_WARN_EMPTY_BODY = YES;
				CLANG_WARN_ENUM_CONVERSION = YES;
				CLANG_WARN_INFINITE_RECURSION = YES;
				CLANG_WARN_INT_CONVERSION = YES;
				CLANG_WARN_NON_LITERAL_NULL_CONVERSION = YES;
				CLANG_WARN_OBJC_IMPLICIT_RETAIN_SELF = YES;
				CLANG_WARN_OBJC_LITERAL_CONVERSION = YES;
				CLANG_WARN_OBJC_ROOT_CLASS = YES_ERROR;
				CLANG_WARN_QUOTED_INCLUDE_IN_FRAMEWORK_HEADER = YES;
				CLANG_WARN_RANGE_LOOP_ANALYSIS = YES;
				CLANG_WARN_STRICT_PROTOTYPES = YES;
				CLANG_WARN_SUSPICIOUS_MOVE = YES;
				CLANG_WARN_UNGUARDED_AVAILABILITY = YES_AGGRESSIVE;
				CLANG_WARN_UNREACHABLE_CODE = YES;
				CLANG_WARN__DUPLICATE_METHOD_MATCH = YES;
				COPY_PHASE_STRIP = NO;
				DEBUG_INFORMATION_FORMAT = "dwarf-with-dsym";
				ENABLE_NS_ASSERTIONS = NO;
				ENABLE_STRICT_OBJC_MSGSEND = YES;
				ENABLE_USER_SCRIPT_SANDBOXING = YES;
				GCC_C_LANGUAGE_STANDARD = gnu17;
				GCC_NO_COMMON_BLOCKS = YES;
				GCC_WARN_64_TO_32_BIT_CONVERSION = YES;
				GCC_WARN_ABOUT_RETURN_TYPE = YES_ERROR;
				GCC_WARN_UNDECLARED_SELECTOR = YES;
				GCC_WARN_UNINITIALIZED_AUTOS = YES_AGGRESSIVE;
				GCC_WARN_UNUSED_FUNCTION = YES;
				GCC_WARN_UNUSED_VARIABLE = YES;
				IPHONEOS_DEPLOYMENT_TARGET = 17.2;
				LOCALIZATION_PREFERS_STRING_CATALOGS = YES;
				MTL_ENABLE_DEBUG_INFO = NO;
				MTL_FAST_MATH = YES;
				SDKROOT = iphoneos;
				SWIFT_COMPILATION_MODE = wholemodule;
				VALIDATE_PRODUCT = YES;
			};
			name = Release;
		};
		013874CD2B6430CE00AF4B7E /* Debug */ = {
			isa = XCBuildConfiguration;
			buildSettings = {
				ASSETCATALOG_COMPILER_APPICON_NAME = AppIcon;
				ASSETCATALOG_COMPILER_GLOBAL_ACCENT_COLOR_NAME = AccentColor;
				CODE_SIGN_STYLE = Automatic;
				CURRENT_PROJECT_VERSION = 1;
				GENERATE_INFOPLIST_FILE = YES;
				INFOPLIST_FILE = ArchitectureShowcase/Info.plist;
				INFOPLIST_KEY_UIApplicationSupportsIndirectInputEvents = YES;
				INFOPLIST_KEY_UILaunchStoryboardName = LaunchScreen;
				INFOPLIST_KEY_UIMainStoryboardFile = Main;
				INFOPLIST_KEY_UISupportedInterfaceOrientations_iPad = "UIInterfaceOrientationPortrait UIInterfaceOrientationPortraitUpsideDown UIInterfaceOrientationLandscapeLeft UIInterfaceOrientationLandscapeRight";
				INFOPLIST_KEY_UISupportedInterfaceOrientations_iPhone = "UIInterfaceOrientationPortrait UIInterfaceOrientationLandscapeLeft UIInterfaceOrientationLandscapeRight";
				LD_RUNPATH_SEARCH_PATHS = (
					"$(inherited)",
					"@executable_path/Frameworks",
				);
				MARKETING_VERSION = 1.0;
				PRODUCT_BUNDLE_IDENTIFIER = aubhona.ArchitectureShowcase;
				PRODUCT_NAME = "$(TARGET_NAME)";
				SWIFT_EMIT_LOC_STRINGS = YES;
				SWIFT_VERSION = 5.0;
				TARGETED_DEVICE_FAMILY = "1,2";
			};
			name = Debug;
		};
		013874CE2B6430CE00AF4B7E /* Release */ = {
			isa = XCBuildConfiguration;
			buildSettings = {
				ASSETCATALOG_COMPILER_APPICON_NAME = AppIcon;
				ASSETCATALOG_COMPILER_GLOBAL_ACCENT_COLOR_NAME = AccentColor;
				CODE_SIGN_STYLE = Automatic;
				CURRENT_PROJECT_VERSION = 1;
				GENERATE_INFOPLIST_FILE = YES;
				INFOPLIST_FILE = ArchitectureShowcase/Info.plist;
				INFOPLIST_KEY_UIApplicationSupportsIndirectInputEvents = YES;
				INFOPLIST_KEY_UILaunchStoryboardName = LaunchScreen;
				INFOPLIST_KEY_UIMainStoryboardFile = Main;
				INFOPLIST_KEY_UISupportedInterfaceOrientations_iPad = "UIInterfaceOrientationPortrait UIInterfaceOrientationPortraitUpsideDown UIInterfaceOrientationLandscapeLeft UIInterfaceOrientationLandscapeRight";
				INFOPLIST_KEY_UISupportedInterfaceOrientations_iPhone = "UIInterfaceOrientationPortrait UIInterfaceOrientationLandscapeLeft UIInterfaceOrientationLandscapeRight";
				LD_RUNPATH_SEARCH_PATHS = (
					"$(inherited)",
					"@executable_path/Frameworks",
				);
				MARKETING_VERSION = 1.0;
				PRODUCT_BUNDLE_IDENTIFIER = aubhona.ArchitectureShowcase;
				PRODUCT_NAME = "$(TARGET_NAME)";
				SWIFT_EMIT_LOC_STRINGS = YES;
				SWIFT_VERSION = 5.0;
				TARGETED_DEVICE_FAMILY = "1,2";
			};
			name = Release;
		};
/* End XCBuildConfiguration section */

/* Begin XCConfigurationList section */
		013874B32B6430CD00AF4B7E /* Build configuration list for PBXProject "ArchitectureShowcase" */ = {
			isa = XCConfigurationList;
			buildConfigurations = (
				013874CA2B6430CE00AF4B7E /* Debug */,
				013874CB2B6430CE00AF4B7E /* Release */,
			);
			defaultConfigurationIsVisible = 0;
			defaultConfigurationName = Release;
		};
		013874CC2B6430CE00AF4B7E /* Build configuration list for PBXNativeTarget "ArchitectureShowcase" */ = {
			isa = XCConfigurationList;
			buildConfigurations = (
				013874CD2B6430CE00AF4B7E /* Debug */,
				013874CE2B6430CE00AF4B7E /* Release */,
			);
			defaultConfigurationIsVisible = 0;
			defaultConfigurationName = Release;
		};
/* End XCConfigurationList section */
	};
	rootObject = 013874B02B6430CD00AF4B7E /* Project object */;
}
